
Microsoft Visual Studio Solution File, Format Version 12.00
# Visual Studio Version 17
VisualStudioVersion = 17.1.32328.378
MinimumVisualStudioVersion = 10.0.40219.1
Project("{FAE04EC0-301F-11D3-BF4B-00C04F79EFBC}") = "CC-MusicConverter", "CC-MusicConverter.csproj", "{2F0B80EA-075A-4742-9E03-BE9A64F8AC22}"
EndProject
Global
	GlobalSection(SolutionConfigurationPlatforms) = preSolution
		Debug|Any CPU = Debug|Any CPU
		Release|Any CPU = Release|Any CPU
	EndGlobalSection
	GlobalSection(ProjectConfigurationPlatforms) = postSolution
		{2F0B80EA-075A-4742-9E03-BE9A64F8AC22}.Debug|Any CPU.ActiveCfg = Debug|Any CPU
		{2F0B80EA-075A-4742-9E03-BE9A64F8AC22}.Debug|Any CPU.Build.0 = Debug|Any CPU
		{2F0B80EA-075A-4742-9E03-BE9A64F8AC22}.Release|Any CPU.ActiveCfg = Release|Any CPU
		{2F0B80EA-075A-4742-9E03-BE9A64F8AC22}.Release|Any CPU.Build.0 = Release|Any CPU
	EndGlobalSection
	GlobalSection(SolutionProperties) = preSolution
		HideSolutionNode = FALSE
	EndGlobalSection
	GlobalSection(ExtensibilityGlobals) = postSolution
		SolutionGuid = {C02673F9-ABEE-40D1-A7BB-8442D5E2B9FF}
	EndGlobalSection
EndGlobal
